
Microsoft Visual Studio Solution File, Format Version 12.00
# Visual Studio Version 16
VisualStudioVersion = 16.0.31112.23
MinimumVisualStudioVersion = 10.0.40219.1
Project("{9A19103F-16F7-4668-BE54-9A1E7A4F7556}") = "IMSCK", "IMSCK\IMSCK.csproj", "{C0DD8DB8-2108-4367-98F7-C958103CE0FA}"
EndProject
Project("{FAE04EC0-301F-11D3-BF4B-00C04F79EFBC}") = "ImsckUnitTests", "ImsckUnitTests\ImsckUnitTests.csproj", "{58140051-9FD9-4A13-9F85-E992781B129D}"
EndProject
Global
	GlobalSection(SolutionConfigurationPlatforms) = preSolution
		Debug|Any CPU = Debug|Any CPU
		Release|Any CPU = Release|Any CPU
	EndGlobalSection
	GlobalSection(ProjectConfigurationPlatforms) = postSolution
		{C0DD8DB8-2108-4367-98F7-C958103CE0FA}.Debug|Any CPU.ActiveCfg = Debug|Any CPU
		{C0DD8DB8-2108-4367-98F7-C958103CE0FA}.Debug|Any CPU.Build.0 = Debug|Any CPU
		{C0DD8DB8-2108-4367-98F7-C958103CE0FA}.Release|Any CPU.ActiveCfg = Release|Any CPU
		{C0DD8DB8-2108-4367-98F7-C958103CE0FA}.Release|Any CPU.Build.0 = Release|Any CPU
		{58140051-9FD9-4A13-9F85-E992781B129D}.Debug|Any CPU.ActiveCfg = Debug|Any CPU
		{58140051-9FD9-4A13-9F85-E992781B129D}.Debug|Any CPU.Build.0 = Debug|Any CPU
		{58140051-9FD9-4A13-9F85-E992781B129D}.Release|Any CPU.ActiveCfg = Release|Any CPU
		{58140051-9FD9-4A13-9F85-E992781B129D}.Release|Any CPU.Build.0 = Release|Any CPU
	EndGlobalSection
	GlobalSection(SolutionProperties) = preSolution
		HideSolutionNode = FALSE
	EndGlobalSection
	GlobalSection(ExtensibilityGlobals) = postSolution
		SolutionGuid = {9DBE268A-6792-4F5D-89F9-62C2474FE82B}
	EndGlobalSection
EndGlobal
